// !$*UTF8*$!
{
	archiveVersion = 1;
	classes = {
	};
	objectVersion = 56;
	objects = {

/* Begin PBXBuildFile section */
		BD3BDFBE2C5BDBE4009E651B /* ContactView.swift in Sources */ = {isa = PBXBuildFile; fileRef = BD3BDFBD2C5BDBE4009E651B /* ContactView.swift */; };
		BD4991D72C5955330050AEC5 /* Final_Project_How_Are_You_Feeling_App.swift in Sources */ = {isa = PBXBuildFile; fileRef = BD4991D62C5955330050AEC5 /* Final_Project_How_Are_You_Feeling_App.swift */; };
		BD4991D92C5955330050AEC5 /* ContentView.swift in Sources */ = {isa = PBXBuildFile; fileRef = BD4991D82C5955330050AEC5 /* ContentView.swift */; };
		BD4991DB2C5955340050AEC5 /* Assets.xcassets in Resources */ = {isa = PBXBuildFile; fileRef = BD4991DA2C5955340050AEC5 /* Assets.xcassets */; };
		BD4991DE2C5955340050AEC5 /* Preview Assets.xcassets in Resources */ = {isa = PBXBuildFile; fileRef = BD4991DD2C5955340050AEC5 /* Preview Assets.xcassets */; };
		BD4991E52C595AC20050AEC5 /* InsideOutView.swift in Sources */ = {isa = PBXBuildFile; fileRef = BD4991E42C595AC20050AEC5 /* InsideOutView.swift */; };
		BDC7B22F2C5AABA800B8704E /* HomeScreenView.swift in Sources */ = {isa = PBXBuildFile; fileRef = BDC7B22E2C5AABA800B8704E /* HomeScreenView.swift */; };
/* End PBXBuildFile section */

/* Begin PBXFileReference section */
		BD3BDFBD2C5BDBE4009E651B /* ContactView.swift */ = {isa = PBXFileReference; lastKnownFileType = sourcecode.swift; path = ContactView.swift; sourceTree = "<group>"; };
		BD4991D32C5955330050AEC5 /* Final Project How Are You Feeling?.app */ = {isa = PBXFileReference; explicitFileType = wrapper.application; includeInIndex = 0; path = "Final Project How Are You Feeling?.app"; sourceTree = BUILT_PRODUCTS_DIR; };
		BD4991D62C5955330050AEC5 /* Final_Project_How_Are_You_Feeling_App.swift */ = {isa = PBXFileReference; lastKnownFileType = sourcecode.swift; path = Final_Project_How_Are_You_Feeling_App.swift; sourceTree = "<group>"; };
		BD4991D82C5955330050AEC5 /* ContentView.swift */ = {isa = PBXFileReference; lastKnownFileType = sourcecode.swift; path = ContentView.swift; sourceTree = "<group>"; };
		BD4991DA2C5955340050AEC5 /* Assets.xcassets */ = {isa = PBXFileReference; lastKnownFileType = folder.assetcatalog; path = Assets.xcassets; sourceTree = "<group>"; };
		BD4991DD2C5955340050AEC5 /* Preview Assets.xcassets */ = {isa = PBXFileReference; lastKnownFileType = folder.assetcatalog; path = "Preview Assets.xcassets"; sourceTree = "<group>"; };
		BD4991E42C595AC20050AEC5 /* InsideOutView.swift */ = {isa = PBXFileReference; lastKnownFileType = sourcecode.swift; path = InsideOutView.swift; sourceTree = "<group>"; };
		BDC7B22E2C5AABA800B8704E /* HomeScreenView.swift */ = {isa = PBXFileReference; lastKnownFileType = sourcecode.swift; path = HomeScreenView.swift; sourceTree = "<group>"; };
/* End PBXFileReference section */

/* Begin PBXFrameworksBuildPhase section */
		BD4991D02C5955320050AEC5 /* Frameworks */ = {
			isa = PBXFrameworksBuildPhase;
			buildActionMask = 2147483647;
			files = (
			);
			runOnlyForDeploymentPostprocessing = 0;
		};
/* End PBXFrameworksBuildPhase section */

/* Begin PBXGroup section */
		BD4991CA2C5955320050AEC5 = {
			isa = PBXGroup;
			children = (
				BD3BDFBD2C5BDBE4009E651B /* ContactView.swift */,
				BDC7B22E2C5AABA800B8704E /* HomeScreenView.swift */,
				BD4991D52C5955330050AEC5 /* Final Project How Are You Feeling? */,
				BD4991D42C5955330050AEC5 /* Products */,
			);
			sourceTree = "<group>";
		};
		BD4991D42C5955330050AEC5 /* Products */ = {
			isa = PBXGroup;
			children = (
				BD4991D32C5955330050AEC5 /* Final Project How Are You Feeling?.app */,
			);
			name = Products;
			sourceTree = "<group>";
		};
		BD4991D52C5955330050AEC5 /* Final Project How Are You Feeling? */ = {
			isa = PBXGroup;
			children = (
				BD4991D62C5955330050AEC5 /* Final_Project_How_Are_You_Feeling_App.swift */,
				BD4991D82C5955330050AEC5 /* ContentView.swift */,
				BD4991E42C595AC20050AEC5 /* InsideOutView.swift */,
				BD4991DA2C5955340050AEC5 /* Assets.xcassets */,
				BD4991DC2C5955340050AEC5 /* Preview Content */,
			);
			path = "Final Project How Are You Feeling?";
			sourceTree = "<group>";
		};
		BD4991DC2C5955340050AEC5 /* Preview Content */ = {
			isa = PBXGroup;
			children = (
				BD4991DD2C5955340050AEC5 /* Preview Assets.xcassets */,
			);
			path = "Preview Content";
			sourceTree = "<group>";
		};
/* End PBXGroup section */

/* Begin PBXNativeTarget section */
		BD4991D22C5955320050AEC5 /* Final Project How Are You Feeling? */ = {
			isa = PBXNativeTarget;
			buildConfigurationList = BD4991E12C5955340050AEC5 /* Build configuration list for PBXNativeTarget "Final Project How Are You Feeling?" */;
			buildPhases = (
				BD4991CF2C5955320050AEC5 /* Sources */,
				BD4991D02C5955320050AEC5 /* Frameworks */,
				BD4991D12C5955320050AEC5 /* Resources */,
			);
			buildRules = (
			);
			dependencies = (
			);
			name = "Final Project How Are You Feeling?";
			productName = "Final Project How Are You Feeling?";
			productReference = BD4991D32C5955330050AEC5 /* Final Project How Are You Feeling?.app */;
			productType = "com.apple.product-type.application";
		};
/* End PBXNativeTarget section */

/* Begin PBXProject section */
		BD4991CB2C5955320050AEC5 /* Project object */ = {
			isa = PBXProject;
			attributes = {
				BuildIndependentTargetsInParallel = 1;
				LastSwiftUpdateCheck = 1540;
				LastUpgradeCheck = 1540;
				TargetAttributes = {
					BD4991D22C5955320050AEC5 = {
						CreatedOnToolsVersion = 15.4;
					};
				};
			};
			buildConfigurationList = BD4991CE2C5955320050AEC5 /* Build configuration list for PBXProject "Final Project How Are You Feeling?" */;
			compatibilityVersion = "Xcode 14.0";
			developmentRegion = en;
			hasScannedForEncodings = 0;
			knownRegions = (
				en,
				Base,
			);
			mainGroup = BD4991CA2C5955320050AEC5;
			productRefGroup = BD4991D42C5955330050AEC5 /* Products */;
			projectDirPath = "";
			projectRoot = "";
			targets = (
				BD4991D22C5955320050AEC5 /* Final Project How Are You Feeling? */,
			);
		};
/* End PBXProject section */

/* Begin PBXResourcesBuildPhase section */
		BD4991D12C5955320050AEC5 /* Resources */ = {
			isa = PBXResourcesBuildPhase;
			buildActionMask = 2147483647;
			files = (
				BD4991DE2C5955340050AEC5 /* Preview Assets.xcassets in Resources */,
				BD4991DB2C5955340050AEC5 /* Assets.xcassets in Resources */,
			);
			runOnlyForDeploymentPostprocessing = 0;
		};
/* End PBXResourcesBuildPhase section */

/* Begin PBXSourcesBuildPhase section */
		BD4991CF2C5955320050AEC5 /* Sources */ = {
			isa = PBXSourcesBuildPhase;
			buildActionMask = 2147483647;
			files = (
				BD4991D92C5955330050AEC5 /* ContentView.swift in Sources */,
				BDC7B22F2C5AABA800B8704E /* HomeScreenView.swift in Sources */,
				BD4991E52C595AC20050AEC5 /* InsideOutView.swift in Sources */,
				BD3BDFBE2C5BDBE4009E651B /* ContactView.swift in Sources */,
				BD4991D72C5955330050AEC5 /* Final_Project_How_Are_You_Feeling_App.swift in Sources */,
			);
			runOnlyForDeploymentPostprocessing = 0;
		};
/* End PBXSourcesBuildPhase section */

/* Begin XCBuildConfiguration section */
		BD4991DF2C5955340050AEC5 /* Debug */ = {
			isa = XCBuildConfiguration;
			buildSettings = {
				ALWAYS_SEARCH_USER_PATHS = NO;
				ASSETCATALOG_COMPILER_GENERATE_SWIFT_ASSET_SYMBOL_EXTENSIONS = YES;
				CLANG_ANALYZER_NONNULL = YES;
				CLANG_ANALYZER_NUMBER_OBJECT_CONVERSION = YES_AGGRESSIVE;
				CLANG_CXX_LANGUAGE_STANDARD = "gnu++20";
				CLANG_ENABLE_MODULES = YES;
				CLANG_ENABLE_OBJC_ARC = YES;
				CLANG_ENABLE_OBJC_WEAK = YES;
				CLANG_WARN_BLOCK_CAPTURE_AUTORELEASING = YES;
				CLANG_WARN_BOOL_CONVERSION = YES;
				CLANG_WARN_COMMA = YES;
				CLANG_WARN_CONSTANT_CONVERSION = YES;
				CLANG_WARN_DEPRECATED_OBJC_IMPLEMENTATIONS = YES;
				CLANG_WARN_DIRECT_OBJC_ISA_USAGE = YES_ERROR;
				CLANG_WARN_DOCUMENTATION_COMMENTS = YES;
				CLANG_WARN_EMPTY_BODY = YES;
				CLANG_WARN_ENUM_CONVERSION = YES;
				CLANG_WARN_INFINITE_RECURSION = YES;
				CLANG_WARN_INT_CONVERSION = YES;
				CLANG_WARN_NON_LITERAL_NULL_CONVERSION = YES;
				CLANG_WARN_OBJC_IMPLICIT_RETAIN_SELF = YES;
				CLANG_WARN_OBJC_LITERAL_CONVERSION = YES;
				CLANG_WARN_OBJC_ROOT_CLASS = YES_ERROR;
				CLANG_WARN_QUOTED_INCLUDE_IN_FRAMEWORK_HEADER = YES;
				CLANG_WARN_RANGE_LOOP_ANALYSIS = YES;
				CLANG_WARN_STRICT_PROTOTYPES = YES;
				CLANG_WARN_SUSPICIOUS_MOVE = YES;
				CLANG_WARN_UNGUARDED_AVAILABILITY = YES_AGGRESSIVE;
				CLANG_WARN_UNREACHABLE_CODE = YES;
				CLANG_WARN__DUPLICATE_METHOD_MATCH = YES;
				COPY_PHASE_STRIP = NO;
				DEBUG_INFORMATION_FORMAT = dwarf;
				ENABLE_STRICT_OBJC_MSGSEND = YES;
				ENABLE_TESTABILITY = YES;
				ENABLE_USER_SCRIPT_SANDBOXING = YES;
				GCC_C_LANGUAGE_STANDARD = gnu17;
				GCC_DYNAMIC_NO_PIC = NO;
				GCC_NO_COMMON_BLOCKS = YES;
				GCC_OPTIMIZATION_LEVEL = 0;
				GCC_PREPROCESSOR_DEFINITIONS = (
					"DEBUG=1",
					"$(inherited)",
				);
				GCC_WARN_64_TO_32_BIT_CONVERSION = YES;
				GCC_WARN_ABOUT_RETURN_TYPE = YES_ERROR;
				GCC_WARN_UNDECLARED_SELECTOR = YES;
				GCC_WARN_UNINITIALIZED_AUTOS = YES_AGGRESSIVE;
				GCC_WARN_UNUSED_FUNCTION = YES;
				GCC_WARN_UNUSED_VARIABLE = YES;
				IPHONEOS_DEPLOYMENT_TARGET = 17.5;
				LOCALIZATION_PREFERS_STRING_CATALOGS = YES;
				MTL_ENABLE_DEBUG_INFO = INCLUDE_SOURCE;
				MTL_FAST_MATH = YES;
				ONLY_ACTIVE_ARCH = YES;
				SDKROOT = iphoneos;
				SWIFT_ACTIVE_COMPILATION_CONDITIONS = "DEBUG $(inherited)";
				SWIFT_OPTIMIZATION_LEVEL = "-Onone";
			};
			name = Debug;
		};
		BD4991E02C5955340050AEC5 /* Release */ = {
			isa = XCBuildConfiguration;
			buildSettings = {
				ALWAYS_SEARCH_USER_PATHS = NO;
				ASSETCATALOG_COMPILER_GENERATE_SWIFT_ASSET_SYMBOL_EXTENSIONS = YES;
				CLANG_ANALYZER_NONNULL = YES;
				CLANG_ANALYZER_NUMBER_OBJECT_CONVERSION = YES_AGGRESSIVE;
				CLANG_CXX_LANGUAGE_STANDARD = "gnu++20";
				CLANG_ENABLE_MODULES = YES;
				CLANG_ENABLE_OBJC_ARC = YES;
				CLANG_ENABLE_OBJC_WEAK = YES;
				CLANG_WARN_BLOCK_CAPTURE_AUTORELEASING = YES;
				CLANG_WARN_BOOL_CONVERSION = YES;
				CLANG_WARN_COMMA = YES;
				CLANG_WARN_CONSTANT_CONVERSION = YES;
				CLANG_WARN_DEPRECATED_OBJC_IMPLEMENTATIONS = YES;
				CLANG_WARN_DIRECT_OBJC_ISA_USAGE = YES_ERROR;
				CLANG_WARN_DOCUMENTATION_COMMENTS = YES;
				CLANG_WARN_EMPTY_BODY = YES;
				CLANG_WARN_ENUM_CONVERSION = YES;
				CLANG_WARN_INFINITE_RECURSION = YES;
				CLANG_WARN_INT_CONVERSION = YES;
				CLANG_WARN_NON_LITERAL_NULL_CONVERSION = YES;
				CLANG_WARN_OBJC_IMPLICIT_RETAIN_SELF = YES;
				CLANG_WARN_OBJC_LITERAL_CONVERSION = YES;
				CLANG_WARN_OBJC_ROOT_CLASS = YES_ERROR;
				CLANG_WARN_QUOTED_INCLUDE_IN_FRAMEWORK_HEADER = YES;
				CLANG_WARN_RANGE_LOOP_ANALYSIS = YES;
				CLANG_WARN_STRICT_PROTOTYPES = YES;
				CLANG_WARN_SUSPICIOUS_MOVE = YES;
				CLANG_WARN_UNGUARDED_AVAILABILITY = YES_AGGRESSIVE;
				CLANG_WARN_UNREACHABLE_CODE = YES;
				CLANG_WARN__DUPLICATE_METHOD_MATCH = YES;
				COPY_PHASE_STRIP = NO;
				DEBUG_INFORMATION_FORMAT = "dwarf-with-dsym";
				ENABLE_NS_ASSERTIONS = NO;
				ENABLE_STRICT_OBJC_MSGSEND = YES;
				ENABLE_USER_SCRIPT_SANDBOXING = YES;
				GCC_C_LANGUAGE_STANDARD = gnu17;
				GCC_NO_COMMON_BLOCKS = YES;
				GCC_WARN_64_TO_32_BIT_CONVERSION = YES;
				GCC_WARN_ABOUT_RETURN_TYPE = YES_ERROR;
				GCC_WARN_UNDECLARED_SELECTOR = YES;
				GCC_WARN_UNINITIALIZED_AUTOS = YES_AGGRESSIVE;
				GCC_WARN_UNUSED_FUNCTION = YES;
				GCC_WARN_UNUSED_VARIABLE = YES;
				IPHONEOS_DEPLOYMENT_TARGET = 17.5;
				LOCALIZATION_PREFERS_STRING_CATALOGS = YES;
				MTL_ENABLE_DEBUG_INFO = NO;
				MTL_FAST_MATH = YES;
				SDKROOT = iphoneos;
				SWIFT_COMPILATION_MODE = wholemodule;
				VALIDATE_PRODUCT = YES;
			};
			name = Release;
		};
		BD4991E22C5955340050AEC5 /* Debug */ = {
			isa = XCBuildConfiguration;
			buildSettings = {
				ASSETCATALOG_COMPILER_APPICON_NAME = AppIcon;
				ASSETCATALOG_COMPILER_GLOBAL_ACCENT_COLOR_NAME = AccentColor;
				CODE_SIGN_STYLE = Automatic;
				CURRENT_PROJECT_VERSION = 1;
				DEVELOPMENT_ASSET_PATHS = "\"Final Project How Are You Feeling?/Preview Content\"";
				ENABLE_PREVIEWS = YES;
				GENERATE_INFOPLIST_FILE = YES;
				INFOPLIST_KEY_UIApplicationSceneManifest_Generation = YES;
				INFOPLIST_KEY_UIApplicationSupportsIndirectInputEvents = YES;
				INFOPLIST_KEY_UILaunchScreen_Generation = YES;
				INFOPLIST_KEY_UISupportedInterfaceOrientations_iPad = "UIInterfaceOrientationPortrait UIInterfaceOrientationPortraitUpsideDown UIInterfaceOrientationLandscapeLeft UIInterfaceOrientationLandscapeRight";
				INFOPLIST_KEY_UISupportedInterfaceOrientations_iPhone = "UIInterfaceOrientationPortrait UIInterfaceOrientationLandscapeLeft UIInterfaceOrientationLandscapeRight";
				LD_RUNPATH_SEARCH_PATHS = (
					"$(inherited)",
					"@executable_path/Frameworks",
				);
				MARKETING_VERSION = 1.0;
				PRODUCT_BUNDLE_IDENTIFIER = "KWK.Final-Project-How-Are-You-Feeling-";
				PRODUCT_NAME = "$(TARGET_NAME)";
				SWIFT_EMIT_LOC_STRINGS = YES;
				SWIFT_VERSION = 5.0;
				TARGETED_DEVICE_FAMILY = "1,2";
			};
			name = Debug;
		};
		BD4991E32C5955340050AEC5 /* Release */ = {
			isa = XCBuildConfiguration;
			buildSettings = {
				ASSETCATALOG_COMPILER_APPICON_NAME = AppIcon;
				ASSETCATALOG_COMPILER_GLOBAL_ACCENT_COLOR_NAME = AccentColor;
				CODE_SIGN_STYLE = Automatic;
				CURRENT_PROJECT_VERSION = 1;
				DEVELOPMENT_ASSET_PATHS = "\"Final Project How Are You Feeling?/Preview Content\"";
				ENABLE_PREVIEWS = YES;
				GENERATE_INFOPLIST_FILE = YES;
				INFOPLIST_KEY_UIApplicationSceneManifest_Generation = YES;
				INFOPLIST_KEY_UIApplicationSupportsIndirectInputEvents = YES;
				INFOPLIST_KEY_UILaunchScreen_Generation = YES;
				INFOPLIST_KEY_UISupportedInterfaceOrientations_iPad = "UIInterfaceOrientationPortrait UIInterfaceOrientationPortraitUpsideDown UIInterfaceOrientationLandscapeLeft UIInterfaceOrientationLandscapeRight";
				INFOPLIST_KEY_UISupportedInterfaceOrientations_iPhone = "UIInterfaceOrientationPortrait UIInterfaceOrientationLandscapeLeft UIInterfaceOrientationLandscapeRight";
				LD_RUNPATH_SEARCH_PATHS = (
					"$(inherited)",
					"@executable_path/Frameworks",
				);
				MARKETING_VERSION = 1.0;
				PRODUCT_BUNDLE_IDENTIFIER = "KWK.Final-Project-How-Are-You-Feeling-";
				PRODUCT_NAME = "$(TARGET_NAME)";
				SWIFT_EMIT_LOC_STRINGS = YES;
				SWIFT_VERSION = 5.0;
				TARGETED_DEVICE_FAMILY = "1,2";
			};
			name = Release;
		};
/* End XCBuildConfiguration section */

/* Begin XCConfigurationList section */
		BD4991CE2C5955320050AEC5 /* Build configuration list for PBXProject "Final Project How Are You Feeling?" */ = {
			isa = XCConfigurationList;
			buildConfigurations = (
				BD4991DF2C5955340050AEC5 /* Debug */,
				BD4991E02C5955340050AEC5 /* Release */,
			);
			defaultConfigurationIsVisible = 0;
			defaultConfigurationName = Release;
		};
		BD4991E12C5955340050AEC5 /* Build configuration list for PBXNativeTarget "Final Project How Are You Feeling?" */ = {
			isa = XCConfigurationList;
			buildConfigurations = (
				BD4991E22C5955340050AEC5 /* Debug */,
				BD4991E32C5955340050AEC5 /* Release */,
			);
			defaultConfigurationIsVisible = 0;
			defaultConfigurationName = Release;
		};
/* End XCConfigurationList section */
	};
	rootObject = BD4991CB2C5955320050AEC5 /* Project object */;
}
